
Microsoft Visual Studio Solution File, Format Version 12.00
# Visual Studio Version 16
VisualStudioVersion = 16.0.30114.105
MinimumVisualStudioVersion = 10.0.40219.1
Project("{FAE04EC0-301F-11D3-BF4B-00C04F79EFBC}") = "wprawka2", "wprawka2.csproj", "{3DA56ECE-C315-4F2D-9465-4ED83C332DC1}"
EndProject
Global
	GlobalSection(SolutionConfigurationPlatforms) = preSolution
		Debug|Any CPU = Debug|Any CPU
		Release|Any CPU = Release|Any CPU
	EndGlobalSection
	GlobalSection(ProjectConfigurationPlatforms) = postSolution
		{3DA56ECE-C315-4F2D-9465-4ED83C332DC1}.Debug|Any CPU.ActiveCfg = Debug|Any CPU
		{3DA56ECE-C315-4F2D-9465-4ED83C332DC1}.Debug|Any CPU.Build.0 = Debug|Any CPU
		{3DA56ECE-C315-4F2D-9465-4ED83C332DC1}.Release|Any CPU.ActiveCfg = Release|Any CPU
		{3DA56ECE-C315-4F2D-9465-4ED83C332DC1}.Release|Any CPU.Build.0 = Release|Any CPU
	EndGlobalSection
	GlobalSection(SolutionProperties) = preSolution
		HideSolutionNode = FALSE
	EndGlobalSection
	GlobalSection(ExtensibilityGlobals) = postSolution
		SolutionGuid = {0ED6F35A-7CBF-4C74-97B2-248A294A753C}
	EndGlobalSection
EndGlobal
